// !$*UTF8*$!
{
	archiveVersion = 1;
	classes = {
	};
	objectVersion = 46;
	objects = {

/* Begin PBXBuildFile section */
		FC1D9ECA1E3731DC0068134B /* AppDelegate.swift in Sources */ = {isa = PBXBuildFile; fileRef = FC1D9EC91E3731DC0068134B /* AppDelegate.swift */; };
		FC1D9ECC1E3731DC0068134B /* ViewController.swift in Sources */ = {isa = PBXBuildFile; fileRef = FC1D9ECB1E3731DC0068134B /* ViewController.swift */; };
		FC1D9ECF1E3731DC0068134B /* Main.storyboard in Resources */ = {isa = PBXBuildFile; fileRef = FC1D9ECD1E3731DC0068134B /* Main.storyboard */; };
		FC1D9ED11E3731DC0068134B /* Assets.xcassets in Resources */ = {isa = PBXBuildFile; fileRef = FC1D9ED01E3731DC0068134B /* Assets.xcassets */; };
		FC1D9ED41E3731DC0068134B /* LaunchScreen.storyboard in Resources */ = {isa = PBXBuildFile; fileRef = FC1D9ED21E3731DC0068134B /* LaunchScreen.storyboard */; };
		FC1D9EDF1E3731DC0068134B /* sampleAnimationTests.swift in Sources */ = {isa = PBXBuildFile; fileRef = FC1D9EDE1E3731DC0068134B /* sampleAnimationTests.swift */; };
		FC1D9EEA1E3731DC0068134B /* sampleAnimationUITests.swift in Sources */ = {isa = PBXBuildFile; fileRef = FC1D9EE91E3731DC0068134B /* sampleAnimationUITests.swift */; };
/* End PBXBuildFile section */

/* Begin PBXContainerItemProxy section */
		FC1D9EDB1E3731DC0068134B /* PBXContainerItemProxy */ = {
			isa = PBXContainerItemProxy;
			containerPortal = FC1D9EBE1E3731DC0068134B /* Project object */;
			proxyType = 1;
			remoteGlobalIDString = FC1D9EC51E3731DC0068134B;
			remoteInfo = sampleAnimation;
		};
		FC1D9EE61E3731DC0068134B /* PBXContainerItemProxy */ = {
			isa = PBXContainerItemProxy;
			containerPortal = FC1D9EBE1E3731DC0068134B /* Project object */;
			proxyType = 1;
			remoteGlobalIDString = FC1D9EC51E3731DC0068134B;
			remoteInfo = sampleAnimation;
		};
/* End PBXContainerItemProxy section */

/* Begin PBXFileReference section */
		FC1D9EC61E3731DC0068134B /* sampleAnimation.app */ = {isa = PBXFileReference; explicitFileType = wrapper.application; includeInIndex = 0; path = sampleAnimation.app; sourceTree = BUILT_PRODUCTS_DIR; };
		FC1D9EC91E3731DC0068134B /* AppDelegate.swift */ = {isa = PBXFileReference; lastKnownFileType = sourcecode.swift; path = AppDelegate.swift; sourceTree = "<group>"; };
		FC1D9ECB1E3731DC0068134B /* ViewController.swift */ = {isa = PBXFileReference; lastKnownFileType = sourcecode.swift; path = ViewController.swift; sourceTree = "<group>"; };
		FC1D9ECE1E3731DC0068134B /* Base */ = {isa = PBXFileReference; lastKnownFileType = file.storyboard; name = Base; path = Base.lproj/Main.storyboard; sourceTree = "<group>"; };
		FC1D9ED01E3731DC0068134B /* Assets.xcassets */ = {isa = PBXFileReference; lastKnownFileType = folder.assetcatalog; path = Assets.xcassets; sourceTree = "<group>"; };
		FC1D9ED31E3731DC0068134B /* Base */ = {isa = PBXFileReference; lastKnownFileType = file.storyboard; name = Base; path = Base.lproj/LaunchScreen.storyboard; sourceTree = "<group>"; };
		FC1D9ED51E3731DC0068134B /* Info.plist */ = {isa = PBXFileReference; lastKnownFileType = text.plist.xml; path = Info.plist; sourceTree = "<group>"; };
		FC1D9EDA1E3731DC0068134B /* sampleAnimationTests.xctest */ = {isa = PBXFileReference; explicitFileType = wrapper.cfbundle; includeInIndex = 0; path = sampleAnimationTests.xctest; sourceTree = BUILT_PRODUCTS_DIR; };
		FC1D9EDE1E3731DC0068134B /* sampleAnimationTests.swift */ = {isa = PBXFileReference; lastKnownFileType = sourcecode.swift; path = sampleAnimationTests.swift; sourceTree = "<group>"; };
		FC1D9EE01E3731DC0068134B /* Info.plist */ = {isa = PBXFileReference; lastKnownFileType = text.plist.xml; path = Info.plist; sourceTree = "<group>"; };
		FC1D9EE51E3731DC0068134B /* sampleAnimationUITests.xctest */ = {isa = PBXFileReference; explicitFileType = wrapper.cfbundle; includeInIndex = 0; path = sampleAnimationUITests.xctest; sourceTree = BUILT_PRODUCTS_DIR; };
		FC1D9EE91E3731DC0068134B /* sampleAnimationUITests.swift */ = {isa = PBXFileReference; lastKnownFileType = sourcecode.swift; path = sampleAnimationUITests.swift; sourceTree = "<group>"; };
		FC1D9EEB1E3731DC0068134B /* Info.plist */ = {isa = PBXFileReference; lastKnownFileType = text.plist.xml; path = Info.plist; sourceTree = "<group>"; };
/* End PBXFileReference section */

/* Begin PBXFrameworksBuildPhase section */
		FC1D9EC31E3731DC0068134B /* Frameworks */ = {
			isa = PBXFrameworksBuildPhase;
			buildActionMask = 2147483647;
			files = (
			);
			runOnlyForDeploymentPostprocessing = 0;
		};
		FC1D9ED71E3731DC0068134B /* Frameworks */ = {
			isa = PBXFrameworksBuildPhase;
			buildActionMask = 2147483647;
			files = (
			);
			runOnlyForDeploymentPostprocessing = 0;
		};
		FC1D9EE21E3731DC0068134B /* Frameworks */ = {
			isa = PBXFrameworksBuildPhase;
			buildActionMask = 2147483647;
			files = (
			);
			runOnlyForDeploymentPostprocessing = 0;
		};
/* End PBXFrameworksBuildPhase section */

/* Begin PBXGroup section */
		FC1D9EBD1E3731DC0068134B = {
			isa = PBXGroup;
			children = (
				FC1D9EC81E3731DC0068134B /* sampleAnimation */,
				FC1D9EDD1E3731DC0068134B /* sampleAnimationTests */,
				FC1D9EE81E3731DC0068134B /* sampleAnimationUITests */,
				FC1D9EC71E3731DC0068134B /* Products */,
			);
			sourceTree = "<group>";
		};
		FC1D9EC71E3731DC0068134B /* Products */ = {
			isa = PBXGroup;
			children = (
				FC1D9EC61E3731DC0068134B /* sampleAnimation.app */,
				FC1D9EDA1E3731DC0068134B /* sampleAnimationTests.xctest */,
				FC1D9EE51E3731DC0068134B /* sampleAnimationUITests.xctest */,
			);
			name = Products;
			sourceTree = "<group>";
		};
		FC1D9EC81E3731DC0068134B /* sampleAnimation */ = {
			isa = PBXGroup;
			children = (
				FC1D9EC91E3731DC0068134B /* AppDelegate.swift */,
				FC1D9ECB1E3731DC0068134B /* ViewController.swift */,
				FC1D9ECD1E3731DC0068134B /* Main.storyboard */,
				FC1D9ED01E3731DC0068134B /* Assets.xcassets */,
				FC1D9ED21E3731DC0068134B /* LaunchScreen.storyboard */,
				FC1D9ED51E3731DC0068134B /* Info.plist */,
			);
			path = sampleAnimation;
			sourceTree = "<group>";
		};
		FC1D9EDD1E3731DC0068134B /* sampleAnimationTests */ = {
			isa = PBXGroup;
			children = (
				FC1D9EDE1E3731DC0068134B /* sampleAnimationTests.swift */,
				FC1D9EE01E3731DC0068134B /* Info.plist */,
			);
			path = sampleAnimationTests;
			sourceTree = "<group>";
		};
		FC1D9EE81E3731DC0068134B /* sampleAnimationUITests */ = {
			isa = PBXGroup;
			children = (
				FC1D9EE91E3731DC0068134B /* sampleAnimationUITests.swift */,
				FC1D9EEB1E3731DC0068134B /* Info.plist */,
			);
			path = sampleAnimationUITests;
			sourceTree = "<group>";
		};
/* End PBXGroup section */

/* Begin PBXNativeTarget section */
		FC1D9EC51E3731DC0068134B /* sampleAnimation */ = {
			isa = PBXNativeTarget;
			buildConfigurationList = FC1D9EEE1E3731DC0068134B /* Build configuration list for PBXNativeTarget "sampleAnimation" */;
			buildPhases = (
				FC1D9EC21E3731DC0068134B /* Sources */,
				FC1D9EC31E3731DC0068134B /* Frameworks */,
				FC1D9EC41E3731DC0068134B /* Resources */,
			);
			buildRules = (
			);
			dependencies = (
			);
			name = sampleAnimation;
			productName = sampleAnimation;
			productReference = FC1D9EC61E3731DC0068134B /* sampleAnimation.app */;
			productType = "com.apple.product-type.application";
		};
		FC1D9ED91E3731DC0068134B /* sampleAnimationTests */ = {
			isa = PBXNativeTarget;
			buildConfigurationList = FC1D9EF11E3731DC0068134B /* Build configuration list for PBXNativeTarget "sampleAnimationTests" */;
			buildPhases = (
				FC1D9ED61E3731DC0068134B /* Sources */,
				FC1D9ED71E3731DC0068134B /* Frameworks */,
				FC1D9ED81E3731DC0068134B /* Resources */,
			);
			buildRules = (
			);
			dependencies = (
				FC1D9EDC1E3731DC0068134B /* PBXTargetDependency */,
			);
			name = sampleAnimationTests;
			productName = sampleAnimationTests;
			productReference = FC1D9EDA1E3731DC0068134B /* sampleAnimationTests.xctest */;
			productType = "com.apple.product-type.bundle.unit-test";
		};
		FC1D9EE41E3731DC0068134B /* sampleAnimationUITests */ = {
			isa = PBXNativeTarget;
			buildConfigurationList = FC1D9EF41E3731DC0068134B /* Build configuration list for PBXNativeTarget "sampleAnimationUITests" */;
			buildPhases = (
				FC1D9EE11E3731DC0068134B /* Sources */,
				FC1D9EE21E3731DC0068134B /* Frameworks */,
				FC1D9EE31E3731DC0068134B /* Resources */,
			);
			buildRules = (
			);
			dependencies = (
				FC1D9EE71E3731DC0068134B /* PBXTargetDependency */,
			);
			name = sampleAnimationUITests;
			productName = sampleAnimationUITests;
			productReference = FC1D9EE51E3731DC0068134B /* sampleAnimationUITests.xctest */;
			productType = "com.apple.product-type.bundle.ui-testing";
		};
/* End PBXNativeTarget section */

/* Begin PBXProject section */
		FC1D9EBE1E3731DC0068134B /* Project object */ = {
			isa = PBXProject;
			attributes = {
				LastSwiftUpdateCheck = 0810;
				LastUpgradeCheck = 0810;
				ORGANIZATIONNAME = Umesh;
				TargetAttributes = {
					FC1D9EC51E3731DC0068134B = {
						CreatedOnToolsVersion = 8.1;
						DevelopmentTeam = L463J7GSRR;
						ProvisioningStyle = Automatic;
					};
					FC1D9ED91E3731DC0068134B = {
						CreatedOnToolsVersion = 8.1;
						DevelopmentTeam = L463J7GSRR;
						ProvisioningStyle = Automatic;
						TestTargetID = FC1D9EC51E3731DC0068134B;
					};
					FC1D9EE41E3731DC0068134B = {
						CreatedOnToolsVersion = 8.1;
						DevelopmentTeam = L463J7GSRR;
						ProvisioningStyle = Automatic;
						TestTargetID = FC1D9EC51E3731DC0068134B;
					};
				};
			};
			buildConfigurationList = FC1D9EC11E3731DC0068134B /* Build configuration list for PBXProject "sampleAnimation" */;
			compatibilityVersion = "Xcode 3.2";
			developmentRegion = English;
			hasScannedForEncodings = 0;
			knownRegions = (
				en,
				Base,
			);
			mainGroup = FC1D9EBD1E3731DC0068134B;
			productRefGroup = FC1D9EC71E3731DC0068134B /* Products */;
			projectDirPath = "";
			projectRoot = "";
			targets = (
				FC1D9EC51E3731DC0068134B /* sampleAnimation */,
				FC1D9ED91E3731DC0068134B /* sampleAnimationTests */,
				FC1D9EE41E3731DC0068134B /* sampleAnimationUITests */,
			);
		};
/* End PBXProject section */

/* Begin PBXResourcesBuildPhase section */
		FC1D9EC41E3731DC0068134B /* Resources */ = {
			isa = PBXResourcesBuildPhase;
			buildActionMask = 2147483647;
			files = (
				FC1D9ED41E3731DC0068134B /* LaunchScreen.storyboard in Resources */,
				FC1D9ED11E3731DC0068134B /* Assets.xcassets in Resources */,
				FC1D9ECF1E3731DC0068134B /* Main.storyboard in Resources */,
			);
			runOnlyForDeploymentPostprocessing = 0;
		};
		FC1D9ED81E3731DC0068134B /* Resources */ = {
			isa = PBXResourcesBuildPhase;
			buildActionMask = 2147483647;
			files = (
			);
			runOnlyForDeploymentPostprocessing = 0;
		};
		FC1D9EE31E3731DC0068134B /* Resources */ = {
			isa = PBXResourcesBuildPhase;
			buildActionMask = 2147483647;
			files = (
			);
			runOnlyForDeploymentPostprocessing = 0;
		};
/* End PBXResourcesBuildPhase section */

/* Begin PBXSourcesBuildPhase section */
		FC1D9EC21E3731DC0068134B /* Sources */ = {
			isa = PBXSourcesBuildPhase;
			buildActionMask = 2147483647;
			files = (
				FC1D9ECC1E3731DC0068134B /* ViewController.swift in Sources */,
				FC1D9ECA1E3731DC0068134B /* AppDelegate.swift in Sources */,
			);
			runOnlyForDeploymentPostprocessing = 0;
		};
		FC1D9ED61E3731DC0068134B /* Sources */ = {
			isa = PBXSourcesBuildPhase;
			buildActionMask = 2147483647;
			files = (
				FC1D9EDF1E3731DC0068134B /* sampleAnimationTests.swift in Sources */,
			);
			runOnlyForDeploymentPostprocessing = 0;
		};
		FC1D9EE11E3731DC0068134B /* Sources */ = {
			isa = PBXSourcesBuildPhase;
			buildActionMask = 2147483647;
			files = (
				FC1D9EEA1E3731DC0068134B /* sampleAnimationUITests.swift in Sources */,
			);
			runOnlyForDeploymentPostprocessing = 0;
		};
/* End PBXSourcesBuildPhase section */

/* Begin PBXTargetDependency section */
		FC1D9EDC1E3731DC0068134B /* PBXTargetDependency */ = {
			isa = PBXTargetDependency;
			target = FC1D9EC51E3731DC0068134B /* sampleAnimation */;
			targetProxy = FC1D9EDB1E3731DC0068134B /* PBXContainerItemProxy */;
		};
		FC1D9EE71E3731DC0068134B /* PBXTargetDependency */ = {
			isa = PBXTargetDependency;
			target = FC1D9EC51E3731DC0068134B /* sampleAnimation */;
			targetProxy = FC1D9EE61E3731DC0068134B /* PBXContainerItemProxy */;
		};
/* End PBXTargetDependency section */

/* Begin PBXVariantGroup section */
		FC1D9ECD1E3731DC0068134B /* Main.storyboard */ = {
			isa = PBXVariantGroup;
			children = (
				FC1D9ECE1E3731DC0068134B /* Base */,
			);
			name = Main.storyboard;
			sourceTree = "<group>";
		};
		FC1D9ED21E3731DC0068134B /* LaunchScreen.storyboard */ = {
			isa = PBXVariantGroup;
			children = (
				FC1D9ED31E3731DC0068134B /* Base */,
			);
			name = LaunchScreen.storyboard;
			sourceTree = "<group>";
		};
/* End PBXVariantGroup section */

/* Begin XCBuildConfiguration section */
		FC1D9EEC1E3731DC0068134B /* Debug */ = {
			isa = XCBuildConfiguration;
			buildSettings = {
				ALWAYS_SEARCH_USER_PATHS = NO;
				CLANG_ANALYZER_NONNULL = YES;
				CLANG_CXX_LANGUAGE_STANDARD = "gnu++0x";
				CLANG_CXX_LIBRARY = "libc++";
				CLANG_ENABLE_MODULES = YES;
				CLANG_ENABLE_OBJC_ARC = YES;
				CLANG_WARN_BOOL_CONVERSION = YES;
				CLANG_WARN_CONSTANT_CONVERSION = YES;
				CLANG_WARN_DIRECT_OBJC_ISA_USAGE = YES_ERROR;
				CLANG_WARN_DOCUMENTATION_COMMENTS = YES;
				CLANG_WARN_EMPTY_BODY = YES;
				CLANG_WARN_ENUM_CONVERSION = YES;
				CLANG_WARN_INFINITE_RECURSION = YES;
				CLANG_WARN_INT_CONVERSION = YES;
				CLANG_WARN_OBJC_ROOT_CLASS = YES_ERROR;
				CLANG_WARN_SUSPICIOUS_MOVES = YES;
				CLANG_WARN_UNREACHABLE_CODE = YES;
				CLANG_WARN__DUPLICATE_METHOD_MATCH = YES;
				"CODE_SIGN_IDENTITY[sdk=iphoneos*]" = "iPhone Developer";
				COPY_PHASE_STRIP = NO;
				DEBUG_INFORMATION_FORMAT = dwarf;
				ENABLE_STRICT_OBJC_MSGSEND = YES;
				ENABLE_TESTABILITY = YES;
				GCC_C_LANGUAGE_STANDARD = gnu99;
				GCC_DYNAMIC_NO_PIC = NO;
				GCC_NO_COMMON_BLOCKS = YES;
				GCC_OPTIMIZATION_LEVEL = 0;
				GCC_PREPROCESSOR_DEFINITIONS = (
					"DEBUG=1",
					"$(inherited)",
				);
				GCC_WARN_64_TO_32_BIT_CONVERSION = YES;
				GCC_WARN_ABOUT_RETURN_TYPE = YES_ERROR;
				GCC_WARN_UNDECLARED_SELECTOR = YES;
				GCC_WARN_UNINITIALIZED_AUTOS = YES_AGGRESSIVE;
				GCC_WARN_UNUSED_FUNCTION = YES;
				GCC_WARN_UNUSED_VARIABLE = YES;
				IPHONEOS_DEPLOYMENT_TARGET = 10.1;
				MTL_ENABLE_DEBUG_INFO = YES;
				ONLY_ACTIVE_ARCH = YES;
				SDKROOT = iphoneos;
				SWIFT_ACTIVE_COMPILATION_CONDITIONS = DEBUG;
				SWIFT_OPTIMIZATION_LEVEL = "-Onone";
				TARGETED_DEVICE_FAMILY = "1,2";
			};
			name = Debug;
		};
		FC1D9EED1E3731DC0068134B /* Release */ = {
			isa = XCBuildConfiguration;
			buildSettings = {
				ALWAYS_SEARCH_USER_PATHS = NO;
				CLANG_ANALYZER_NONNULL = YES;
				CLANG_CXX_LANGUAGE_STANDARD = "gnu++0x";
				CLANG_CXX_LIBRARY = "libc++";
				CLANG_ENABLE_MODULES = YES;
				CLANG_ENABLE_OBJC_ARC = YES;
				CLANG_WARN_BOOL_CONVERSION = YES;
				CLANG_WARN_CONSTANT_CONVERSION = YES;
				CLANG_WARN_DIRECT_OBJC_ISA_USAGE = YES_ERROR;
				CLANG_WARN_DOCUMENTATION_COMMENTS = YES;
				CLANG_WARN_EMPTY_BODY = YES;
				CLANG_WARN_ENUM_CONVERSION = YES;
				CLANG_WARN_INFINITE_RECURSION = YES;
				CLANG_WARN_INT_CONVERSION = YES;
				CLANG_WARN_OBJC_ROOT_CLASS = YES_ERROR;
				CLANG_WARN_SUSPICIOUS_MOVES = YES;
				CLANG_WARN_UNREACHABLE_CODE = YES;
				CLANG_WARN__DUPLICATE_METHOD_MATCH = YES;
				"CODE_SIGN_IDENTITY[sdk=iphoneos*]" = "iPhone Developer";
				COPY_PHASE_STRIP = NO;
				DEBUG_INFORMATION_FORMAT = "dwarf-with-dsym";
				ENABLE_NS_ASSERTIONS = NO;
				ENABLE_STRICT_OBJC_MSGSEND = YES;
				GCC_C_LANGUAGE_STANDARD = gnu99;
				GCC_NO_COMMON_BLOCKS = YES;
				GCC_WARN_64_TO_32_BIT_CONVERSION = YES;
				GCC_WARN_ABOUT_RETURN_TYPE = YES_ERROR;
				GCC_WARN_UNDECLARED_SELECTOR = YES;
				GCC_WARN_UNINITIALIZED_AUTOS = YES_AGGRESSIVE;
				GCC_WARN_UNUSED_FUNCTION = YES;
				GCC_WARN_UNUSED_VARIABLE = YES;
				IPHONEOS_DEPLOYMENT_TARGET = 10.1;
				MTL_ENABLE_DEBUG_INFO = NO;
				SDKROOT = iphoneos;
				SWIFT_OPTIMIZATION_LEVEL = "-Owholemodule";
				TARGETED_DEVICE_FAMILY = "1,2";
				VALIDATE_PRODUCT = YES;
			};
			name = Release;
		};
		FC1D9EEF1E3731DC0068134B /* Debug */ = {
			isa = XCBuildConfiguration;
			buildSettings = {
				ASSETCATALOG_COMPILER_APPICON_NAME = AppIcon;
				DEVELOPMENT_TEAM = L463J7GSRR;
				INFOPLIST_FILE = sampleAnimation/Info.plist;
				LD_RUNPATH_SEARCH_PATHS = "$(inherited) @executable_path/Frameworks";
				PRODUCT_BUNDLE_IDENTIFIER = com.sonora.sampleAnimation;
				PRODUCT_NAME = "$(TARGET_NAME)";
				SWIFT_VERSION = 3.0;
			};
			name = Debug;
		};
		FC1D9EF01E3731DC0068134B /* Release */ = {
			isa = XCBuildConfiguration;
			buildSettings = {
				ASSETCATALOG_COMPILER_APPICON_NAME = AppIcon;
				DEVELOPMENT_TEAM = L463J7GSRR;
				INFOPLIST_FILE = sampleAnimation/Info.plist;
				LD_RUNPATH_SEARCH_PATHS = "$(inherited) @executable_path/Frameworks";
				PRODUCT_BUNDLE_IDENTIFIER = com.sonora.sampleAnimation;
				PRODUCT_NAME = "$(TARGET_NAME)";
				SWIFT_VERSION = 3.0;
			};
			name = Release;
		};
		FC1D9EF21E3731DC0068134B /* Debug */ = {
			isa = XCBuildConfiguration;
			buildSettings = {
				ALWAYS_EMBED_SWIFT_STANDARD_LIBRARIES = YES;
				BUNDLE_LOADER = "$(TEST_HOST)";
				DEVELOPMENT_TEAM = L463J7GSRR;
				INFOPLIST_FILE = sampleAnimationTests/Info.plist;
				LD_RUNPATH_SEARCH_PATHS = "$(inherited) @executable_path/Frameworks @loader_path/Frameworks";
				PRODUCT_BUNDLE_IDENTIFIER = com.sonora.sampleAnimationTests;
				PRODUCT_NAME = "$(TARGET_NAME)";
				SWIFT_VERSION = 3.0;
				TEST_HOST = "$(BUILT_PRODUCTS_DIR)/sampleAnimation.app/sampleAnimation";
			};
			name = Debug;
		};
		FC1D9EF31E3731DC0068134B /* Release */ = {
			isa = XCBuildConfiguration;
			buildSettings = {
				ALWAYS_EMBED_SWIFT_STANDARD_LIBRARIES = YES;
				BUNDLE_LOADER = "$(TEST_HOST)";
				DEVELOPMENT_TEAM = L463J7GSRR;
				INFOPLIST_FILE = sampleAnimationTests/Info.plist;
				LD_RUNPATH_SEARCH_PATHS = "$(inherited) @executable_path/Frameworks @loader_path/Frameworks";
				PRODUCT_BUNDLE_IDENTIFIER = com.sonora.sampleAnimationTests;
				PRODUCT_NAME = "$(TARGET_NAME)";
				SWIFT_VERSION = 3.0;
				TEST_HOST = "$(BUILT_PRODUCTS_DIR)/sampleAnimation.app/sampleAnimation";
			};
			name = Release;
		};
		FC1D9EF51E3731DC0068134B /* Debug */ = {
			isa = XCBuildConfiguration;
			buildSettings = {
				ALWAYS_EMBED_SWIFT_STANDARD_LIBRARIES = YES;
				DEVELOPMENT_TEAM = L463J7GSRR;
				INFOPLIST_FILE = sampleAnimationUITests/Info.plist;
				LD_RUNPATH_SEARCH_PATHS = "$(inherited) @executable_path/Frameworks @loader_path/Frameworks";
				PRODUCT_BUNDLE_IDENTIFIER = com.sonora.sampleAnimationUITests;
				PRODUCT_NAME = "$(TARGET_NAME)";
				SWIFT_VERSION = 3.0;
				TEST_TARGET_NAME = sampleAnimation;
			};
			name = Debug;
		};
		FC1D9EF61E3731DC0068134B /* Release */ = {
			isa = XCBuildConfiguration;
			buildSettings = {
				ALWAYS_EMBED_SWIFT_STANDARD_LIBRARIES = YES;
				DEVELOPMENT_TEAM = L463J7GSRR;
				INFOPLIST_FILE = sampleAnimationUITests/Info.plist;
				LD_RUNPATH_SEARCH_PATHS = "$(inherited) @executable_path/Frameworks @loader_path/Frameworks";
				PRODUCT_BUNDLE_IDENTIFIER = com.sonora.sampleAnimationUITests;
				PRODUCT_NAME = "$(TARGET_NAME)";
				SWIFT_VERSION = 3.0;
				TEST_TARGET_NAME = sampleAnimation;
			};
			name = Release;
		};
/* End XCBuildConfiguration section */

/* Begin XCConfigurationList section */
		FC1D9EC11E3731DC0068134B /* Build configuration list for PBXProject "sampleAnimation" */ = {
			isa = XCConfigurationList;
			buildConfigurations = (
				FC1D9EEC1E3731DC0068134B /* Debug */,
				FC1D9EED1E3731DC0068134B /* Release */,
			);
			defaultConfigurationIsVisible = 0;
			defaultConfigurationName = Release;
		};
		FC1D9EEE1E3731DC0068134B /* Build configuration list for PBXNativeTarget "sampleAnimation" */ = {
			isa = XCConfigurationList;
			buildConfigurations = (
				FC1D9EEF1E3731DC0068134B /* Debug */,
				FC1D9EF01E3731DC0068134B /* Release */,
			);
			defaultConfigurationIsVisible = 0;
		};
		FC1D9EF11E3731DC0068134B /* Build configuration list for PBXNativeTarget "sampleAnimationTests" */ = {
			isa = XCConfigurationList;
			buildConfigurations = (
				FC1D9EF21E3731DC0068134B /* Debug */,
				FC1D9EF31E3731DC0068134B /* Release */,
			);
			defaultConfigurationIsVisible = 0;
		};
		FC1D9EF41E3731DC0068134B /* Build configuration list for PBXNativeTarget "sampleAnimationUITests" */ = {
			isa = XCConfigurationList;
			buildConfigurations = (
				FC1D9EF51E3731DC0068134B /* Debug */,
				FC1D9EF61E3731DC0068134B /* Release */,
			);
			defaultConfigurationIsVisible = 0;
		};
/* End XCConfigurationList section */
	};
	rootObject = FC1D9EBE1E3731DC0068134B /* Project object */;
}
